
Microsoft Visual Studio Solution File, Format Version 12.00
# Visual Studio Version 16
VisualStudioVersion = 16.0.31702.278
MinimumVisualStudioVersion = 10.0.40219.1
Project("{FAE04EC0-301F-11D3-BF4B-00C04F79EFBC}") = "Sklad", "Sklad.csproj", "{C8000340-8B07-47A1-81BC-D2C277351470}"
EndProject
Project("{FAE04EC0-301F-11D3-BF4B-00C04F79EFBC}") = "DataAccess1", "..\DataAccess1\DataAccess1.csproj", "{04AF1DA6-E12F-492A-9D38-885E5A2F063C}"
EndProject
Project("{FAE04EC0-301F-11D3-BF4B-00C04F79EFBC}") = "TestProject", "TestProject\TestProject.csproj", "{79F40B12-69D4-44C6-81BE-80A0AEF105B7}"
EndProject
Global
	GlobalSection(SolutionConfigurationPlatforms) = preSolution
		Debug|Any CPU = Debug|Any CPU
		Release|Any CPU = Release|Any CPU
	EndGlobalSection
	GlobalSection(ProjectConfigurationPlatforms) = postSolution
		{C8000340-8B07-47A1-81BC-D2C277351470}.Debug|Any CPU.ActiveCfg = Debug|Any CPU
		{C8000340-8B07-47A1-81BC-D2C277351470}.Debug|Any CPU.Build.0 = Debug|Any CPU
		{C8000340-8B07-47A1-81BC-D2C277351470}.Release|Any CPU.ActiveCfg = Release|Any CPU
		{C8000340-8B07-47A1-81BC-D2C277351470}.Release|Any CPU.Build.0 = Release|Any CPU
		{04AF1DA6-E12F-492A-9D38-885E5A2F063C}.Debug|Any CPU.ActiveCfg = Debug|Any CPU
		{04AF1DA6-E12F-492A-9D38-885E5A2F063C}.Debug|Any CPU.Build.0 = Debug|Any CPU
		{04AF1DA6-E12F-492A-9D38-885E5A2F063C}.Release|Any CPU.ActiveCfg = Release|Any CPU
		{04AF1DA6-E12F-492A-9D38-885E5A2F063C}.Release|Any CPU.Build.0 = Release|Any CPU
		{79F40B12-69D4-44C6-81BE-80A0AEF105B7}.Debug|Any CPU.ActiveCfg = Debug|Any CPU
		{79F40B12-69D4-44C6-81BE-80A0AEF105B7}.Debug|Any CPU.Build.0 = Debug|Any CPU
		{79F40B12-69D4-44C6-81BE-80A0AEF105B7}.Release|Any CPU.ActiveCfg = Release|Any CPU
		{79F40B12-69D4-44C6-81BE-80A0AEF105B7}.Release|Any CPU.Build.0 = Release|Any CPU
	EndGlobalSection
	GlobalSection(SolutionProperties) = preSolution
		HideSolutionNode = FALSE
	EndGlobalSection
	GlobalSection(ExtensibilityGlobals) = postSolution
		SolutionGuid = {68AE30F7-AF7E-42DE-A3E1-207F72C49C2A}
	EndGlobalSection
EndGlobal
